# Runtime dependency lock for the Linux wheelhouse assembled by scripts/release.
# Every entry is exact; 10_install.sh also verifies the wheelhouse SHA256 manifest.
annotated-types==0.8.0
argon2-cffi==25.1.0
argon2-cffi-bindings==25.1.0
cbor2==6.1.4
cffi==2.1.1
cryptography==50.0.0
pillow==12.3.0
pyasn1==0.6.4
pyasn1-modules==0.4.2
pycparser==3.0
pydantic==2.13.4
pydantic-core==2.46.4
pyOpenSSL==26.4.0
python-dateutil==2.9.0.post0
six==1.17.0
typing-extensions==4.16.0
typing-inspection==0.4.4
webauthn==3.0.0
websockets==16.1.1
